// !$*UTF8*$!
{
	archiveVersion = 1;
	classes = {
	};
	objectVersion = 50;
	objects = {

/* Begin PBXBuildFile section */
		19454F3681B738B7CD1472FD /* libPods-tableView.a in Frameworks */ = {isa = PBXBuildFile; fileRef = 2869BFC0C0F1016D4619B7A4 /* libPods-tableView.a */; };
		310C953020BC69460071461F /* YSSystemStyleTableViewController.m in Sources */ = {isa = PBXBuildFile; fileRef = 310C952F20BC69460071461F /* YSSystemStyleTableViewController.m */; };
		313F6E5220B48A1200895114 /* OneTableViewController.m in Sources */ = {isa = PBXBuildFile; fileRef = 313F6E5120B48A1200895114 /* OneTableViewController.m */; };
		313F6E5520B48A3300895114 /* OneTableViewCell.m in Sources */ = {isa = PBXBuildFile; fileRef = 313F6E5420B48A3300895114 /* OneTableViewCell.m */; };
		313F6E5820B48A4300895114 /* TwoTableViewCell.m in Sources */ = {isa = PBXBuildFile; fileRef = 313F6E5720B48A4300895114 /* TwoTableViewCell.m */; };
		313F6E6720B4977200895114 /* header4.jpg in Resources */ = {isa = PBXBuildFile; fileRef = 313F6E6520B4977100895114 /* header4.jpg */; };
		313F6E6820B4977200895114 /* header2.jpg in Resources */ = {isa = PBXBuildFile; fileRef = 313F6E6620B4977200895114 /* header2.jpg */; };
		313F6E7720B5321A00895114 /* YSCellModel.m in Sources */ = {isa = PBXBuildFile; fileRef = 313F6E7620B5321A00895114 /* YSCellModel.m */; };
		3158C47120BDBA9B006540F8 /* YSSearchTableViewController.m in Sources */ = {isa = PBXBuildFile; fileRef = 3158C47020BDBA9B006540F8 /* YSSearchTableViewController.m */; };
		316B7E6020AF3C51004685CA /* AppDelegate.m in Sources */ = {isa = PBXBuildFile; fileRef = 316B7E5F20AF3C51004685CA /* AppDelegate.m */; };
		316B7E6320AF3C51004685CA /* ViewController.m in Sources */ = {isa = PBXBuildFile; fileRef = 316B7E6220AF3C51004685CA /* ViewController.m */; };
		316B7E6620AF3C51004685CA /* Main.storyboard in Resources */ = {isa = PBXBuildFile; fileRef = 316B7E6420AF3C51004685CA /* Main.storyboard */; };
		316B7E6920AF3C51004685CA /* tableView.xcdatamodeld in Sources */ = {isa = PBXBuildFile; fileRef = 316B7E6720AF3C51004685CA /* tableView.xcdatamodeld */; };
		316B7E6B20AF3C56004685CA /* Assets.xcassets in Resources */ = {isa = PBXBuildFile; fileRef = 316B7E6A20AF3C56004685CA /* Assets.xcassets */; };
		316B7E6E20AF3C56004685CA /* LaunchScreen.storyboard in Resources */ = {isa = PBXBuildFile; fileRef = 316B7E6C20AF3C56004685CA /* LaunchScreen.storyboard */; };
		316B7E7120AF3C56004685CA /* main.m in Sources */ = {isa = PBXBuildFile; fileRef = 316B7E7020AF3C56004685CA /* main.m */; };
		316B7E8820AF440A004685CA /* LXLFirstTableViewController.m in Sources */ = {isa = PBXBuildFile; fileRef = 316B7E8720AF440A004685CA /* LXLFirstTableViewController.m */; };
		316B7E9420AF494F004685CA /* LXLAPPConstNsstring.m in Sources */ = {isa = PBXBuildFile; fileRef = 316B7E9320AF494F004685CA /* LXLAPPConstNsstring.m */; };
		316B7E9A20AF4C28004685CA /* SecondViewController.m in Sources */ = {isa = PBXBuildFile; fileRef = 316B7E9920AF4C28004685CA /* SecondViewController.m */; };
		316B7E9D20AF4C51004685CA /* ThiredViewController.m in Sources */ = {isa = PBXBuildFile; fileRef = 316B7E9C20AF4C51004685CA /* ThiredViewController.m */; };
		316B7EA020AF4C60004685CA /* FourViewController.m in Sources */ = {isa = PBXBuildFile; fileRef = 316B7E9F20AF4C60004685CA /* FourViewController.m */; };
		316B7EA520AF50AC004685CA /* tab_0.png in Resources */ = {isa = PBXBuildFile; fileRef = 316B7EA120AF50AA004685CA /* tab_0.png */; };
		316B7EA620AF50AC004685CA /* tab_3.png in Resources */ = {isa = PBXBuildFile; fileRef = 316B7EA220AF50AB004685CA /* tab_3.png */; };
		316B7EA720AF50AC004685CA /* tab_1.png in Resources */ = {isa = PBXBuildFile; fileRef = 316B7EA320AF50AB004685CA /* tab_1.png */; };
		316B7EA820AF50AC004685CA /* tab_2.png in Resources */ = {isa = PBXBuildFile; fileRef = 316B7EA420AF50AC004685CA /* tab_2.png */; };
		3170B0FE20BF10AB000881B5 /* YSLinkTwoTableViewViewController.m in Sources */ = {isa = PBXBuildFile; fileRef = 3170B0FD20BF10AB000881B5 /* YSLinkTwoTableViewViewController.m */; };
		31BFA35320B05D5000D184E8 /* LXLSecondTableViewController.m in Sources */ = {isa = PBXBuildFile; fileRef = 31BFA35220B05D5000D184E8 /* LXLSecondTableViewController.m */; };
		31BFA35720B05DAD00D184E8 /* LXLTabBarViewController.m in Sources */ = {isa = PBXBuildFile; fileRef = 31BFA35620B05DAD00D184E8 /* LXLTabBarViewController.m */; };
		31D9D87420C3D0CA000B0A57 /* LXLFirstViewController.m in Sources */ = {isa = PBXBuildFile; fileRef = 31D9D87320C3D0CA000B0A57 /* LXLFirstViewController.m */; };
		31FC1A4E20B5D9C000FEFACE /* YSCanDeleteCellTableViewController.m in Sources */ = {isa = PBXBuildFile; fileRef = 31FC1A4D20B5D9C000FEFACE /* YSCanDeleteCellTableViewController.m */; };
		31FE8AD420B72FBA00565C60 /* YSCanRefreshTableViewController.m in Sources */ = {isa = PBXBuildFile; fileRef = 31FE8AD320B72FBA00565C60 /* YSCanRefreshTableViewController.m */; };
/* End PBXBuildFile section */

/* Begin PBXFileReference section */
		2869BFC0C0F1016D4619B7A4 /* libPods-tableView.a */ = {isa = PBXFileReference; explicitFileType = archive.ar; includeInIndex = 0; path = "libPods-tableView.a"; sourceTree = BUILT_PRODUCTS_DIR; };
		310C952E20BC69460071461F /* YSSystemStyleTableViewController.h */ = {isa = PBXFileReference; lastKnownFileType = sourcecode.c.h; path = YSSystemStyleTableViewController.h; sourceTree = "<group>"; };
		310C952F20BC69460071461F /* YSSystemStyleTableViewController.m */ = {isa = PBXFileReference; lastKnownFileType = sourcecode.c.objc; path = YSSystemStyleTableViewController.m; sourceTree = "<group>"; };
		313F6E5020B48A1200895114 /* OneTableViewController.h */ = {isa = PBXFileReference; lastKnownFileType = sourcecode.c.h; path = OneTableViewController.h; sourceTree = "<group>"; };
		313F6E5120B48A1200895114 /* OneTableViewController.m */ = {isa = PBXFileReference; lastKnownFileType = sourcecode.c.objc; path = OneTableViewController.m; sourceTree = "<group>"; };
		313F6E5320B48A3300895114 /* OneTableViewCell.h */ = {isa = PBXFileReference; lastKnownFileType = sourcecode.c.h; path = OneTableViewCell.h; sourceTree = "<group>"; };
		313F6E5420B48A3300895114 /* OneTableViewCell.m */ = {isa = PBXFileReference; lastKnownFileType = sourcecode.c.objc; path = OneTableViewCell.m; sourceTree = "<group>"; };
		313F6E5620B48A4300895114 /* TwoTableViewCell.h */ = {isa = PBXFileReference; lastKnownFileType = sourcecode.c.h; path = TwoTableViewCell.h; sourceTree = "<group>"; };
		313F6E5720B48A4300895114 /* TwoTableViewCell.m */ = {isa = PBXFileReference; lastKnownFileType = sourcecode.c.objc; path = TwoTableViewCell.m; sourceTree = "<group>"; };
		313F6E6520B4977100895114 /* header4.jpg */ = {isa = PBXFileReference; lastKnownFileType = image.jpeg; path = header4.jpg; sourceTree = "<group>"; };
		313F6E6620B4977200895114 /* header2.jpg */ = {isa = PBXFileReference; lastKnownFileType = image.jpeg; path = header2.jpg; sourceTree = "<group>"; };
		313F6E7520B5321A00895114 /* YSCellModel.h */ = {isa = PBXFileReference; lastKnownFileType = sourcecode.c.h; path = YSCellModel.h; sourceTree = "<group>"; };
		313F6E7620B5321A00895114 /* YSCellModel.m */ = {isa = PBXFileReference; lastKnownFileType = sourcecode.c.objc; path = YSCellModel.m; sourceTree = "<group>"; };
		3158C46F20BDBA9B006540F8 /* YSSearchTableViewController.h */ = {isa = PBXFileReference; lastKnownFileType = sourcecode.c.h; path = YSSearchTableViewController.h; sourceTree = "<group>"; };
		3158C47020BDBA9B006540F8 /* YSSearchTableViewController.m */ = {isa = PBXFileReference; lastKnownFileType = sourcecode.c.objc; path = YSSearchTableViewController.m; sourceTree = "<group>"; };
		316B7E5B20AF3C51004685CA /* tableView.app */ = {isa = PBXFileReference; explicitFileType = wrapper.application; includeInIndex = 0; path = tableView.app; sourceTree = BUILT_PRODUCTS_DIR; };
		316B7E5E20AF3C51004685CA /* AppDelegate.h */ = {isa = PBXFileReference; lastKnownFileType = sourcecode.c.h; path = AppDelegate.h; sourceTree = "<group>"; };
		316B7E5F20AF3C51004685CA /* AppDelegate.m */ = {isa = PBXFileReference; lastKnownFileType = sourcecode.c.objc; path = AppDelegate.m; sourceTree = "<group>"; };
		316B7E6120AF3C51004685CA /* ViewController.h */ = {isa = PBXFileReference; lastKnownFileType = sourcecode.c.h; path = ViewController.h; sourceTree = "<group>"; };
		316B7E6220AF3C51004685CA /* ViewController.m */ = {isa = PBXFileReference; lastKnownFileType = sourcecode.c.objc; path = ViewController.m; sourceTree = "<group>"; };
		316B7E6520AF3C51004685CA /* Base */ = {isa = PBXFileReference; lastKnownFileType = file.storyboard; name = Base; path = Base.lproj/Main.storyboard; sourceTree = "<group>"; };
		316B7E6820AF3C51004685CA /* tableView.xcdatamodel */ = {isa = PBXFileReference; lastKnownFileType = wrapper.xcdatamodel; path = tableView.xcdatamodel; sourceTree = "<group>"; };
		316B7E6A20AF3C56004685CA /* Assets.xcassets */ = {isa = PBXFileReference; lastKnownFileType = folder.assetcatalog; path = Assets.xcassets; sourceTree = "<group>"; };
		316B7E6D20AF3C56004685CA /* Base */ = {isa = PBXFileReference; lastKnownFileType = file.storyboard; name = Base; path = Base.lproj/LaunchScreen.storyboard; sourceTree = "<group>"; };
		316B7E6F20AF3C56004685CA /* Info.plist */ = {isa = PBXFileReference; lastKnownFileType = text.plist.xml; path = Info.plist; sourceTree = "<group>"; };
		316B7E7020AF3C56004685CA /* main.m */ = {isa = PBXFileReference; lastKnownFileType = sourcecode.c.objc; path = main.m; sourceTree = "<group>"; };
		316B7E8320AF40B0004685CA /* LXLAPPMacro.h */ = {isa = PBXFileReference; lastKnownFileType = sourcecode.c.h; path = LXLAPPMacro.h; sourceTree = "<group>"; };
		316B7E8420AF40D0004685CA /* PrefixHeader.pch */ = {isa = PBXFileReference; lastKnownFileType = sourcecode.c.h; path = PrefixHeader.pch; sourceTree = "<group>"; };
		316B7E8620AF440A004685CA /* LXLFirstTableViewController.h */ = {isa = PBXFileReference; lastKnownFileType = sourcecode.c.h; path = LXLFirstTableViewController.h; sourceTree = "<group>"; };
		316B7E8720AF440A004685CA /* LXLFirstTableViewController.m */ = {isa = PBXFileReference; lastKnownFileType = sourcecode.c.objc; path = LXLFirstTableViewController.m; sourceTree = "<group>"; };
		316B7E9220AF494F004685CA /* LXLAPPConstNsstring.h */ = {isa = PBXFileReference; lastKnownFileType = sourcecode.c.h; path = LXLAPPConstNsstring.h; sourceTree = "<group>"; };
		316B7E9320AF494F004685CA /* LXLAPPConstNsstring.m */ = {isa = PBXFileReference; lastKnownFileType = sourcecode.c.objc; path = LXLAPPConstNsstring.m; sourceTree = "<group>"; };
		316B7E9820AF4C28004685CA /* SecondViewController.h */ = {isa = PBXFileReference; lastKnownFileType = sourcecode.c.h; path = SecondViewController.h; sourceTree = "<group>"; };
		316B7E9920AF4C28004685CA /* SecondViewController.m */ = {isa = PBXFileReference; lastKnownFileType = sourcecode.c.objc; path = SecondViewController.m; sourceTree = "<group>"; };
		316B7E9B20AF4C51004685CA /* ThiredViewController.h */ = {isa = PBXFileReference; lastKnownFileType = sourcecode.c.h; path = ThiredViewController.h; sourceTree = "<group>"; };
		316B7E9C20AF4C51004685CA /* ThiredViewController.m */ = {isa = PBXFileReference; lastKnownFileType = sourcecode.c.objc; path = ThiredViewController.m; sourceTree = "<group>"; };
		316B7E9E20AF4C60004685CA /* FourViewController.h */ = {isa = PBXFileReference; lastKnownFileType = sourcecode.c.h; path = FourViewController.h; sourceTree = "<group>"; };
		316B7E9F20AF4C60004685CA /* FourViewController.m */ = {isa = PBXFileReference; lastKnownFileType = sourcecode.c.objc; path = FourViewController.m; sourceTree = "<group>"; };
		316B7EA120AF50AA004685CA /* tab_0.png */ = {isa = PBXFileReference; lastKnownFileType = image.png; path = tab_0.png; sourceTree = "<group>"; };
		316B7EA220AF50AB004685CA /* tab_3.png */ = {isa = PBXFileReference; lastKnownFileType = image.png; path = tab_3.png; sourceTree = "<group>"; };
		316B7EA320AF50AB004685CA /* tab_1.png */ = {isa = PBXFileReference; lastKnownFileType = image.png; path = tab_1.png; sourceTree = "<group>"; };
		316B7EA420AF50AC004685CA /* tab_2.png */ = {isa = PBXFileReference; lastKnownFileType = image.png; path = tab_2.png; sourceTree = "<group>"; };
		3170B0FC20BF10AB000881B5 /* YSLinkTwoTableViewViewController.h */ = {isa = PBXFileReference; lastKnownFileType = sourcecode.c.h; path = YSLinkTwoTableViewViewController.h; sourceTree = "<group>"; };
		3170B0FD20BF10AB000881B5 /* YSLinkTwoTableViewViewController.m */ = {isa = PBXFileReference; lastKnownFileType = sourcecode.c.objc; path = YSLinkTwoTableViewViewController.m; sourceTree = "<group>"; };
		31BFA35120B05D5000D184E8 /* LXLSecondTableViewController.h */ = {isa = PBXFileReference; lastKnownFileType = sourcecode.c.h; path = LXLSecondTableViewController.h; sourceTree = "<group>"; };
		31BFA35220B05D5000D184E8 /* LXLSecondTableViewController.m */ = {isa = PBXFileReference; lastKnownFileType = sourcecode.c.objc; path = LXLSecondTableViewController.m; sourceTree = "<group>"; };
		31BFA35520B05DAD00D184E8 /* LXLTabBarViewController.h */ = {isa = PBXFileReference; lastKnownFileType = sourcecode.c.h; path = LXLTabBarViewController.h; sourceTree = "<group>"; };
		31BFA35620B05DAD00D184E8 /* LXLTabBarViewController.m */ = {isa = PBXFileReference; lastKnownFileType = sourcecode.c.objc; path = LXLTabBarViewController.m; sourceTree = "<group>"; };
		31D9D87220C3D0CA000B0A57 /* LXLFirstViewController.h */ = {isa = PBXFileReference; lastKnownFileType = sourcecode.c.h; path = LXLFirstViewController.h; sourceTree = "<group>"; };
		31D9D87320C3D0CA000B0A57 /* LXLFirstViewController.m */ = {isa = PBXFileReference; lastKnownFileType = sourcecode.c.objc; path = LXLFirstViewController.m; sourceTree = "<group>"; };
		31FC1A4C20B5D9C000FEFACE /* YSCanDeleteCellTableViewController.h */ = {isa = PBXFileReference; lastKnownFileType = sourcecode.c.h; path = YSCanDeleteCellTableViewController.h; sourceTree = "<group>"; };
		31FC1A4D20B5D9C000FEFACE /* YSCanDeleteCellTableViewController.m */ = {isa = PBXFileReference; lastKnownFileType = sourcecode.c.objc; path = YSCanDeleteCellTableViewController.m; sourceTree = "<group>"; };
		31FE8AD220B72FBA00565C60 /* YSCanRefreshTableViewController.h */ = {isa = PBXFileReference; lastKnownFileType = sourcecode.c.h; path = YSCanRefreshTableViewController.h; sourceTree = "<group>"; };
		31FE8AD320B72FBA00565C60 /* YSCanRefreshTableViewController.m */ = {isa = PBXFileReference; lastKnownFileType = sourcecode.c.objc; path = YSCanRefreshTableViewController.m; sourceTree = "<group>"; };
		488410DC2ED6B6CC87A86CCF /* Pods-tableView.release.xcconfig */ = {isa = PBXFileReference; includeInIndex = 1; lastKnownFileType = text.xcconfig; name = "Pods-tableView.release.xcconfig"; path = "Pods/Target Support Files/Pods-tableView/Pods-tableView.release.xcconfig"; sourceTree = "<group>"; };
		FC5290C2FDE12CA213621938 /* Pods-tableView.debug.xcconfig */ = {isa = PBXFileReference; includeInIndex = 1; lastKnownFileType = text.xcconfig; name = "Pods-tableView.debug.xcconfig"; path = "Pods/Target Support Files/Pods-tableView/Pods-tableView.debug.xcconfig"; sourceTree = "<group>"; };
/* End PBXFileReference section */

/* Begin PBXFrameworksBuildPhase section */
		316B7E5820AF3C51004685CA /* Frameworks */ = {
			isa = PBXFrameworksBuildPhase;
			buildActionMask = 2147483647;
			files = (
				19454F3681B738B7CD1472FD /* libPods-tableView.a in Frameworks */,
			);
			runOnlyForDeploymentPostprocessing = 0;
		};
/* End PBXFrameworksBuildPhase section */

/* Begin PBXGroup section */
		1E52A93FC8DA26668948EA2F /* Pods */ = {
			isa = PBXGroup;
			children = (
				FC5290C2FDE12CA213621938 /* Pods-tableView.debug.xcconfig */,
				488410DC2ED6B6CC87A86CCF /* Pods-tableView.release.xcconfig */,
			);
			name = Pods;
			sourceTree = "<group>";
		};
		310C952D20BC68F10071461F /* 系统自带刷新、搜索、索引 */ = {
			isa = PBXGroup;
			children = (
				310C952E20BC69460071461F /* YSSystemStyleTableViewController.h */,
				310C952F20BC69460071461F /* YSSystemStyleTableViewController.m */,
			);
			path = "系统自带刷新、搜索、索引";
			sourceTree = "<group>";
		};
		313F6E4F20B489AF00895114 /* OneView */ = {
			isa = PBXGroup;
			children = (
				313F6E5020B48A1200895114 /* OneTableViewController.h */,
				313F6E5120B48A1200895114 /* OneTableViewController.m */,
				313F6E5320B48A3300895114 /* OneTableViewCell.h */,
				313F6E5420B48A3300895114 /* OneTableViewCell.m */,
				313F6E5620B48A4300895114 /* TwoTableViewCell.h */,
				313F6E5720B48A4300895114 /* TwoTableViewCell.m */,
				313F6E7520B5321A00895114 /* YSCellModel.h */,
				313F6E7620B5321A00895114 /* YSCellModel.m */,
			);
			path = OneView;
			sourceTree = "<group>";
		};
		3158C46E20BDBA5F006540F8 /* Fiv */ = {
			isa = PBXGroup;
			children = (
				3158C46F20BDBA9B006540F8 /* YSSearchTableViewController.h */,
				3158C47020BDBA9B006540F8 /* YSSearchTableViewController.m */,
			);
			path = Fiv;
			sourceTree = "<group>";
		};
		316B7E5220AF3C51004685CA = {
			isa = PBXGroup;
			children = (
				316B7E5D20AF3C51004685CA /* tableView */,
				316B7E5C20AF3C51004685CA /* Products */,
				1E52A93FC8DA26668948EA2F /* Pods */,
				3B214D0E87DCE717A900DCA4 /* Frameworks */,
			);
			sourceTree = "<group>";
		};
		316B7E5C20AF3C51004685CA /* Products */ = {
			isa = PBXGroup;
			children = (
				316B7E5B20AF3C51004685CA /* tableView.app */,
			);
			name = Products;
			sourceTree = "<group>";
		};
		316B7E5D20AF3C51004685CA /* tableView */ = {
			isa = PBXGroup;
			children = (
				316B7E7F20AF3F69004685CA /* Class */,
				316B7E7E20AF3F5D004685CA /* Extension */,
				316B7E7A20AF3E7E004685CA /* Resource */,
				316B7E7720AF3E4D004685CA /* General */,
			);
			path = tableView;
			sourceTree = "<group>";
		};
		316B7E7720AF3E4D004685CA /* General */ = {
			isa = PBXGroup;
			children = (
				316B7E9120AF491A004685CA /* Const */,
			);
			path = General;
			sourceTree = "<group>";
		};
		316B7E7A20AF3E7E004685CA /* Resource */ = {
			isa = PBXGroup;
			children = (
				313F6E6620B4977200895114 /* header2.jpg */,
				313F6E6520B4977100895114 /* header4.jpg */,
				316B7E6120AF3C51004685CA /* ViewController.h */,
				316B7E6220AF3C51004685CA /* ViewController.m */,
				316B7E6420AF3C51004685CA /* Main.storyboard */,
				316B7E6A20AF3C56004685CA /* Assets.xcassets */,
				316B7EA120AF50AA004685CA /* tab_0.png */,
				316B7EA320AF50AB004685CA /* tab_1.png */,
				316B7EA420AF50AC004685CA /* tab_2.png */,
				316B7EA220AF50AB004685CA /* tab_3.png */,
				316B7E6C20AF3C56004685CA /* LaunchScreen.storyboard */,
				316B7E6F20AF3C56004685CA /* Info.plist */,
				316B7E7020AF3C56004685CA /* main.m */,
				316B7E6720AF3C51004685CA /* tableView.xcdatamodeld */,
				316B7E8420AF40D0004685CA /* PrefixHeader.pch */,
			);
			path = Resource;
			sourceTree = "<group>";
		};
		316B7E7E20AF3F5D004685CA /* Extension */ = {
			isa = PBXGroup;
			children = (
			);
			path = Extension;
			sourceTree = "<group>";
		};
		316B7E7F20AF3F69004685CA /* Class */ = {
			isa = PBXGroup;
			children = (
				31BFA35420B05D8300D184E8 /* Root */,
				316B7E8220AF3F8D004685CA /* AppDelegate */,
				316B7E8120AF3F81004685CA /* View */,
				316B7E8020AF3F73004685CA /* Controller */,
			);
			path = Class;
			sourceTree = "<group>";
		};
		316B7E8020AF3F73004685CA /* Controller */ = {
			isa = PBXGroup;
			children = (
				316B7E9720AF4BFB004685CA /* Four */,
				316B7E9620AF4BF5004685CA /* Third */,
				316B7E9520AF4BEC004685CA /* Second */,
				316B7E8520AF43B7004685CA /* First */,
			);
			path = Controller;
			sourceTree = "<group>";
		};
		316B7E8120AF3F81004685CA /* View */ = {
			isa = PBXGroup;
			children = (
			);
			path = View;
			sourceTree = "<group>";
		};
		316B7E8220AF3F8D004685CA /* AppDelegate */ = {
			isa = PBXGroup;
			children = (
				316B7E5E20AF3C51004685CA /* AppDelegate.h */,
				316B7E5F20AF3C51004685CA /* AppDelegate.m */,
			);
			path = AppDelegate;
			sourceTree = "<group>";
		};
		316B7E8520AF43B7004685CA /* First */ = {
			isa = PBXGroup;
			children = (
				316B7E8620AF440A004685CA /* LXLFirstTableViewController.h */,
				316B7E8720AF440A004685CA /* LXLFirstTableViewController.m */,
				31D9D87220C3D0CA000B0A57 /* LXLFirstViewController.h */,
				31D9D87320C3D0CA000B0A57 /* LXLFirstViewController.m */,
			);
			path = First;
			sourceTree = "<group>";
		};
		316B7E9120AF491A004685CA /* Const */ = {
			isa = PBXGroup;
			children = (
				316B7E8320AF40B0004685CA /* LXLAPPMacro.h */,
				316B7E9220AF494F004685CA /* LXLAPPConstNsstring.h */,
				316B7E9320AF494F004685CA /* LXLAPPConstNsstring.m */,
			);
			path = Const;
			sourceTree = "<group>";
		};
		316B7E9520AF4BEC004685CA /* Second */ = {
			isa = PBXGroup;
			children = (
				316B7E9820AF4C28004685CA /* SecondViewController.h */,
				316B7E9920AF4C28004685CA /* SecondViewController.m */,
				31BFA35120B05D5000D184E8 /* LXLSecondTableViewController.h */,
				31BFA35220B05D5000D184E8 /* LXLSecondTableViewController.m */,
			);
			path = Second;
			sourceTree = "<group>";
		};
		316B7E9620AF4BF5004685CA /* Third */ = {
			isa = PBXGroup;
			children = (
				3158C46E20BDBA5F006540F8 /* Fiv */,
				310C952D20BC68F10071461F /* 系统自带刷新、搜索、索引 */,
				31FC1A4B20B5D93E00FEFACE /* ThreeView */,
				31FC1A4A20B5D93300FEFACE /* TwoView */,
				313F6E4F20B489AF00895114 /* OneView */,
				316B7E9B20AF4C51004685CA /* ThiredViewController.h */,
				316B7E9C20AF4C51004685CA /* ThiredViewController.m */,
			);
			path = Third;
			sourceTree = "<group>";
		};
		316B7E9720AF4BFB004685CA /* Four */ = {
			isa = PBXGroup;
			children = (
				3170B0FB20BF1071000881B5 /* TwoTableView */,
				316B7E9E20AF4C60004685CA /* FourViewController.h */,
				316B7E9F20AF4C60004685CA /* FourViewController.m */,
			);
			path = Four;
			sourceTree = "<group>";
		};
		3170B0FB20BF1071000881B5 /* TwoTableView */ = {
			isa = PBXGroup;
			children = (
				3170B0FC20BF10AB000881B5 /* YSLinkTwoTableViewViewController.h */,
				3170B0FD20BF10AB000881B5 /* YSLinkTwoTableViewViewController.m */,
			);
			path = TwoTableView;
			sourceTree = "<group>";
		};
		31BFA35420B05D8300D184E8 /* Root */ = {
			isa = PBXGroup;
			children = (
				31BFA35520B05DAD00D184E8 /* LXLTabBarViewController.h */,
				31BFA35620B05DAD00D184E8 /* LXLTabBarViewController.m */,
			);
			path = Root;
			sourceTree = "<group>";
		};
		31FC1A4A20B5D93300FEFACE /* TwoView */ = {
			isa = PBXGroup;
			children = (
				31FC1A4C20B5D9C000FEFACE /* YSCanDeleteCellTableViewController.h */,
				31FC1A4D20B5D9C000FEFACE /* YSCanDeleteCellTableViewController.m */,
			);
			path = TwoView;
			sourceTree = "<group>";
		};
		31FC1A4B20B5D93E00FEFACE /* ThreeView */ = {
			isa = PBXGroup;
			children = (
				31FE8AD220B72FBA00565C60 /* YSCanRefreshTableViewController.h */,
				31FE8AD320B72FBA00565C60 /* YSCanRefreshTableViewController.m */,
			);
			path = ThreeView;
			sourceTree = "<group>";
		};
		3B214D0E87DCE717A900DCA4 /* Frameworks */ = {
			isa = PBXGroup;
			children = (
				2869BFC0C0F1016D4619B7A4 /* libPods-tableView.a */,
			);
			name = Frameworks;
			sourceTree = "<group>";
		};
/* End PBXGroup section */

/* Begin PBXNativeTarget section */
		316B7E5A20AF3C51004685CA /* tableView */ = {
			isa = PBXNativeTarget;
			buildConfigurationList = 316B7E7420AF3C56004685CA /* Build configuration list for PBXNativeTarget "tableView" */;
			buildPhases = (
				4BA2367799E391E0E743467C /* [CP] Check Pods Manifest.lock */,
				316B7E5720AF3C51004685CA /* Sources */,
				316B7E5820AF3C51004685CA /* Frameworks */,
				316B7E5920AF3C51004685CA /* Resources */,
				C1B52124E15ED2B7689544BE /* [CP] Embed Pods Frameworks */,
				7FE70DFA362CCE677A0FC2EC /* [CP] Copy Pods Resources */,
			);
			buildRules = (
			);
			dependencies = (
			);
			name = tableView;
			productName = tableView;
			productReference = 316B7E5B20AF3C51004685CA /* tableView.app */;
			productType = "com.apple.product-type.application";
		};
/* End PBXNativeTarget section */

/* Begin PBXProject section */
		316B7E5320AF3C51004685CA /* Project object */ = {
			isa = PBXProject;
			attributes = {
				LastUpgradeCheck = 0930;
				ORGANIZATIONNAME = "李晓龙";
				TargetAttributes = {
					316B7E5A20AF3C51004685CA = {
						CreatedOnToolsVersion = 9.3.1;
					};
				};
			};
			buildConfigurationList = 316B7E5620AF3C51004685CA /* Build configuration list for PBXProject "tableView" */;
			compatibilityVersion = "Xcode 9.3";
			developmentRegion = en;
			hasScannedForEncodings = 0;
			knownRegions = (
				en,
				Base,
			);
			mainGroup = 316B7E5220AF3C51004685CA;
			productRefGroup = 316B7E5C20AF3C51004685CA /* Products */;
			projectDirPath = "";
			projectRoot = "";
			targets = (
				316B7E5A20AF3C51004685CA /* tableView */,
			);
		};
/* End PBXProject section */

/* Begin PBXResourcesBuildPhase section */
		316B7E5920AF3C51004685CA /* Resources */ = {
			isa = PBXResourcesBuildPhase;
			buildActionMask = 2147483647;
			files = (
				316B7E6E20AF3C56004685CA /* LaunchScreen.storyboard in Resources */,
				316B7E6B20AF3C56004685CA /* Assets.xcassets in Resources */,
				316B7EA520AF50AC004685CA /* tab_0.png in Resources */,
				316B7E6620AF3C51004685CA /* Main.storyboard in Resources */,
				316B7EA620AF50AC004685CA /* tab_3.png in Resources */,
				316B7EA720AF50AC004685CA /* tab_1.png in Resources */,
				316B7EA820AF50AC004685CA /* tab_2.png in Resources */,
				313F6E6720B4977200895114 /* header4.jpg in Resources */,
				313F6E6820B4977200895114 /* header2.jpg in Resources */,
			);
			runOnlyForDeploymentPostprocessing = 0;
		};
/* End PBXResourcesBuildPhase section */

/* Begin PBXShellScriptBuildPhase section */
		4BA2367799E391E0E743467C /* [CP] Check Pods Manifest.lock */ = {
			isa = PBXShellScriptBuildPhase;
			buildActionMask = 2147483647;
			files = (
			);
			inputPaths = (
				"${PODS_PODFILE_DIR_PATH}/Podfile.lock",
				"${PODS_ROOT}/Manifest.lock",
			);
			name = "[CP] Check Pods Manifest.lock";
			outputPaths = (
				"$(DERIVED_FILE_DIR)/Pods-tableView-checkManifestLockResult.txt",
			);
			runOnlyForDeploymentPostprocessing = 0;
			shellPath = /bin/sh;
			shellScript = "diff \"${PODS_PODFILE_DIR_PATH}/Podfile.lock\" \"${PODS_ROOT}/Manifest.lock\" > /dev/null\nif [ $? != 0 ] ; then\n    # print error to STDERR\n    echo \"error: The sandbox is not in sync with the Podfile.lock. Run 'pod install' or update your CocoaPods installation.\" >&2\n    exit 1\nfi\n# This output is used by Xcode 'outputs' to avoid re-running this script phase.\necho \"SUCCESS\" > \"${SCRIPT_OUTPUT_FILE_0}\"\n";
			showEnvVarsInLog = 0;
		};
		7FE70DFA362CCE677A0FC2EC /* [CP] Copy Pods Resources */ = {
			isa = PBXShellScriptBuildPhase;
			buildActionMask = 2147483647;
			files = (
			);
			inputPaths = (
				"${SRCROOT}/Pods/Target Support Files/Pods-tableView/Pods-tableView-resources.sh",
				"${PODS_ROOT}/MBProgressHUD+JDragon/MBProgressHUD+JDragon/MBProgressHUD+JDragon.bundle",
				"${PODS_ROOT}/MJRefresh/MJRefresh/MJRefresh.bundle",
			);
			name = "[CP] Copy Pods Resources";
			outputPaths = (
				"${TARGET_BUILD_DIR}/${UNLOCALIZED_RESOURCES_FOLDER_PATH}/MBProgressHUD+JDragon.bundle",
				"${TARGET_BUILD_DIR}/${UNLOCALIZED_RESOURCES_FOLDER_PATH}/MJRefresh.bundle",
			);
			runOnlyForDeploymentPostprocessing = 0;
			shellPath = /bin/sh;
			shellScript = "\"${SRCROOT}/Pods/Target Support Files/Pods-tableView/Pods-tableView-resources.sh\"\n";
			showEnvVarsInLog = 0;
		};
		C1B52124E15ED2B7689544BE /* [CP] Embed Pods Frameworks */ = {
			isa = PBXShellScriptBuildPhase;
			buildActionMask = 2147483647;
			files = (
			);
			inputPaths = (
			);
			name = "[CP] Embed Pods Frameworks";
			outputPaths = (
			);
			runOnlyForDeploymentPostprocessing = 0;
			shellPath = /bin/sh;
			shellScript = "\"${SRCROOT}/Pods/Target Support Files/Pods-tableView/Pods-tableView-frameworks.sh\"\n";
			showEnvVarsInLog = 0;
		};
/* End PBXShellScriptBuildPhase section */

/* Begin PBXSourcesBuildPhase section */
		316B7E5720AF3C51004685CA /* Sources */ = {
			isa = PBXSourcesBuildPhase;
			buildActionMask = 2147483647;
			files = (
				31D9D87420C3D0CA000B0A57 /* LXLFirstViewController.m in Sources */,
				313F6E5820B48A4300895114 /* TwoTableViewCell.m in Sources */,
				313F6E5220B48A1200895114 /* OneTableViewController.m in Sources */,
				31BFA35720B05DAD00D184E8 /* LXLTabBarViewController.m in Sources */,
				31FE8AD420B72FBA00565C60 /* YSCanRefreshTableViewController.m in Sources */,
				310C953020BC69460071461F /* YSSystemStyleTableViewController.m in Sources */,
				316B7E9D20AF4C51004685CA /* ThiredViewController.m in Sources */,
				316B7E6320AF3C51004685CA /* ViewController.m in Sources */,
				31BFA35320B05D5000D184E8 /* LXLSecondTableViewController.m in Sources */,
				313F6E5520B48A3300895114 /* OneTableViewCell.m in Sources */,
				3158C47120BDBA9B006540F8 /* YSSearchTableViewController.m in Sources */,
				31FC1A4E20B5D9C000FEFACE /* YSCanDeleteCellTableViewController.m in Sources */,
				316B7E6020AF3C51004685CA /* AppDelegate.m in Sources */,
				316B7EA020AF4C60004685CA /* FourViewController.m in Sources */,
				316B7E9420AF494F004685CA /* LXLAPPConstNsstring.m in Sources */,
				316B7E9A20AF4C28004685CA /* SecondViewController.m in Sources */,
				3170B0FE20BF10AB000881B5 /* YSLinkTwoTableViewViewController.m in Sources */,
				316B7E8820AF440A004685CA /* LXLFirstTableViewController.m in Sources */,
				313F6E7720B5321A00895114 /* YSCellModel.m in Sources */,
				316B7E7120AF3C56004685CA /* main.m in Sources */,
				316B7E6920AF3C51004685CA /* tableView.xcdatamodeld in Sources */,
			);
			runOnlyForDeploymentPostprocessing = 0;
		};
/* End PBXSourcesBuildPhase section */

/* Begin PBXVariantGroup section */
		316B7E6420AF3C51004685CA /* Main.storyboard */ = {
			isa = PBXVariantGroup;
			children = (
				316B7E6520AF3C51004685CA /* Base */,
			);
			name = Main.storyboard;
			sourceTree = "<group>";
		};
		316B7E6C20AF3C56004685CA /* LaunchScreen.storyboard */ = {
			isa = PBXVariantGroup;
			children = (
				316B7E6D20AF3C56004685CA /* Base */,
			);
			name = LaunchScreen.storyboard;
			sourceTree = "<group>";
		};
/* End PBXVariantGroup section */

/* Begin XCBuildConfiguration section */
		316B7E7220AF3C56004685CA /* Debug */ = {
			isa = XCBuildConfiguration;
			buildSettings = {
				ALWAYS_SEARCH_USER_PATHS = NO;
				CLANG_ANALYZER_NONNULL = YES;
				CLANG_ANALYZER_NUMBER_OBJECT_CONVERSION = YES_AGGRESSIVE;
				CLANG_CXX_LANGUAGE_STANDARD = "gnu++14";
				CLANG_CXX_LIBRARY = "libc++";
				CLANG_ENABLE_MODULES = YES;
				CLANG_ENABLE_OBJC_ARC = YES;
				CLANG_ENABLE_OBJC_WEAK = YES;
				CLANG_WARN_BLOCK_CAPTURE_AUTORELEASING = YES;
				CLANG_WARN_BOOL_CONVERSION = YES;
				CLANG_WARN_COMMA = YES;
				CLANG_WARN_CONSTANT_CONVERSION = YES;
				CLANG_WARN_DEPRECATED_OBJC_IMPLEMENTATIONS = YES;
				CLANG_WARN_DIRECT_OBJC_ISA_USAGE = YES_ERROR;
				CLANG_WARN_DOCUMENTATION_COMMENTS = YES;
				CLANG_WARN_EMPTY_BODY = YES;
				CLANG_WARN_ENUM_CONVERSION = YES;
				CLANG_WARN_INFINITE_RECURSION = YES;
				CLANG_WARN_INT_CONVERSION = YES;
				CLANG_WARN_NON_LITERAL_NULL_CONVERSION = YES;
				CLANG_WARN_OBJC_IMPLICIT_RETAIN_SELF = YES;
				CLANG_WARN_OBJC_LITERAL_CONVERSION = YES;
				CLANG_WARN_OBJC_ROOT_CLASS = YES_ERROR;
				CLANG_WARN_RANGE_LOOP_ANALYSIS = YES;
				CLANG_WARN_STRICT_PROTOTYPES = YES;
				CLANG_WARN_SUSPICIOUS_MOVE = YES;
				CLANG_WARN_UNGUARDED_AVAILABILITY = YES_AGGRESSIVE;
				CLANG_WARN_UNREACHABLE_CODE = YES;
				CLANG_WARN__DUPLICATE_METHOD_MATCH = YES;
				CODE_SIGN_IDENTITY = "iPhone Developer";
				COPY_PHASE_STRIP = NO;
				DEBUG_INFORMATION_FORMAT = dwarf;
				ENABLE_STRICT_OBJC_MSGSEND = YES;
				ENABLE_TESTABILITY = YES;
				GCC_C_LANGUAGE_STANDARD = gnu11;
				GCC_DYNAMIC_NO_PIC = NO;
				GCC_NO_COMMON_BLOCKS = YES;
				GCC_OPTIMIZATION_LEVEL = 0;
				GCC_PREPROCESSOR_DEFINITIONS = (
					"DEBUG=1",
					"$(inherited)",
				);
				GCC_WARN_64_TO_32_BIT_CONVERSION = YES;
				GCC_WARN_ABOUT_RETURN_TYPE = YES_ERROR;
				GCC_WARN_UNDECLARED_SELECTOR = YES;
				GCC_WARN_UNINITIALIZED_AUTOS = YES_AGGRESSIVE;
				GCC_WARN_UNUSED_FUNCTION = YES;
				GCC_WARN_UNUSED_VARIABLE = YES;
				IPHONEOS_DEPLOYMENT_TARGET = 11.3;
				MTL_ENABLE_DEBUG_INFO = YES;
				ONLY_ACTIVE_ARCH = YES;
				SDKROOT = iphoneos;
			};
			name = Debug;
		};
		316B7E7320AF3C56004685CA /* Release */ = {
			isa = XCBuildConfiguration;
			buildSettings = {
				ALWAYS_SEARCH_USER_PATHS = NO;
				CLANG_ANALYZER_NONNULL = YES;
				CLANG_ANALYZER_NUMBER_OBJECT_CONVERSION = YES_AGGRESSIVE;
				CLANG_CXX_LANGUAGE_STANDARD = "gnu++14";
				CLANG_CXX_LIBRARY = "libc++";
				CLANG_ENABLE_MODULES = YES;
				CLANG_ENABLE_OBJC_ARC = YES;
				CLANG_ENABLE_OBJC_WEAK = YES;
				CLANG_WARN_BLOCK_CAPTURE_AUTORELEASING = YES;
				CLANG_WARN_BOOL_CONVERSION = YES;
				CLANG_WARN_COMMA = YES;
				CLANG_WARN_CONSTANT_CONVERSION = YES;
				CLANG_WARN_DEPRECATED_OBJC_IMPLEMENTATIONS = YES;
				CLANG_WARN_DIRECT_OBJC_ISA_USAGE = YES_ERROR;
				CLANG_WARN_DOCUMENTATION_COMMENTS = YES;
				CLANG_WARN_EMPTY_BODY = YES;
				CLANG_WARN_ENUM_CONVERSION = YES;
				CLANG_WARN_INFINITE_RECURSION = YES;
				CLANG_WARN_INT_CONVERSION = YES;
				CLANG_WARN_NON_LITERAL_NULL_CONVERSION = YES;
				CLANG_WARN_OBJC_IMPLICIT_RETAIN_SELF = YES;
				CLANG_WARN_OBJC_LITERAL_CONVERSION = YES;
				CLANG_WARN_OBJC_ROOT_CLASS = YES_ERROR;
				CLANG_WARN_RANGE_LOOP_ANALYSIS = YES;
				CLANG_WARN_STRICT_PROTOTYPES = YES;
				CLANG_WARN_SUSPICIOUS_MOVE = YES;
				CLANG_WARN_UNGUARDED_AVAILABILITY = YES_AGGRESSIVE;
				CLANG_WARN_UNREACHABLE_CODE = YES;
				CLANG_WARN__DUPLICATE_METHOD_MATCH = YES;
				CODE_SIGN_IDENTITY = "iPhone Developer";
				COPY_PHASE_STRIP = NO;
				DEBUG_INFORMATION_FORMAT = "dwarf-with-dsym";
				ENABLE_NS_ASSERTIONS = NO;
				ENABLE_STRICT_OBJC_MSGSEND = YES;
				GCC_C_LANGUAGE_STANDARD = gnu11;
				GCC_NO_COMMON_BLOCKS = YES;
				GCC_WARN_64_TO_32_BIT_CONVERSION = YES;
				GCC_WARN_ABOUT_RETURN_TYPE = YES_ERROR;
				GCC_WARN_UNDECLARED_SELECTOR = YES;
				GCC_WARN_UNINITIALIZED_AUTOS = YES_AGGRESSIVE;
				GCC_WARN_UNUSED_FUNCTION = YES;
				GCC_WARN_UNUSED_VARIABLE = YES;
				IPHONEOS_DEPLOYMENT_TARGET = 11.3;
				MTL_ENABLE_DEBUG_INFO = NO;
				SDKROOT = iphoneos;
				VALIDATE_PRODUCT = YES;
			};
			name = Release;
		};
		316B7E7520AF3C56004685CA /* Debug */ = {
			isa = XCBuildConfiguration;
			baseConfigurationReference = FC5290C2FDE12CA213621938 /* Pods-tableView.debug.xcconfig */;
			buildSettings = {
				ASSETCATALOG_COMPILER_APPICON_NAME = AppIcon;
				CODE_SIGN_STYLE = Automatic;
				GCC_PREFIX_HEADER = tableView/Resource/PrefixHeader.pch;
				INFOPLIST_FILE = tableView/Resource/Info.plist;
				LD_RUNPATH_SEARCH_PATHS = (
					"$(inherited)",
					"@executable_path/Frameworks",
				);
				PRODUCT_BUNDLE_IDENTIFIER = com.10000.tableView;
				PRODUCT_NAME = "$(TARGET_NAME)";
				TARGETED_DEVICE_FAMILY = "1,2";
			};
			name = Debug;
		};
		316B7E7620AF3C56004685CA /* Release */ = {
			isa = XCBuildConfiguration;
			baseConfigurationReference = 488410DC2ED6B6CC87A86CCF /* Pods-tableView.release.xcconfig */;
			buildSettings = {
				ASSETCATALOG_COMPILER_APPICON_NAME = AppIcon;
				CODE_SIGN_STYLE = Automatic;
				GCC_PREFIX_HEADER = tableView/Resource/PrefixHeader.pch;
				INFOPLIST_FILE = tableView/Resource/Info.plist;
				LD_RUNPATH_SEARCH_PATHS = (
					"$(inherited)",
					"@executable_path/Frameworks",
				);
				PRODUCT_BUNDLE_IDENTIFIER = com.10000.tableView;
				PRODUCT_NAME = "$(TARGET_NAME)";
				TARGETED_DEVICE_FAMILY = "1,2";
			};
			name = Release;
		};
/* End XCBuildConfiguration section */

/* Begin XCConfigurationList section */
		316B7E5620AF3C51004685CA /* Build configuration list for PBXProject "tableView" */ = {
			isa = XCConfigurationList;
			buildConfigurations = (
				316B7E7220AF3C56004685CA /* Debug */,
				316B7E7320AF3C56004685CA /* Release */,
			);
			defaultConfigurationIsVisible = 0;
			defaultConfigurationName = Release;
		};
		316B7E7420AF3C56004685CA /* Build configuration list for PBXNativeTarget "tableView" */ = {
			isa = XCConfigurationList;
			buildConfigurations = (
				316B7E7520AF3C56004685CA /* Debug */,
				316B7E7620AF3C56004685CA /* Release */,
			);
			defaultConfigurationIsVisible = 0;
			defaultConfigurationName = Release;
		};
/* End XCConfigurationList section */

/* Begin XCVersionGroup section */
		316B7E6720AF3C51004685CA /* tableView.xcdatamodeld */ = {
			isa = XCVersionGroup;
			children = (
				316B7E6820AF3C51004685CA /* tableView.xcdatamodel */,
			);
			currentVersion = 316B7E6820AF3C51004685CA /* tableView.xcdatamodel */;
			path = tableView.xcdatamodeld;
			sourceTree = "<group>";
			versionGroupType = wrapper.xcdatamodel;
		};
/* End XCVersionGroup section */
	};
	rootObject = 316B7E5320AF3C51004685CA /* Project object */;
}
